
Microsoft Visual Studio Solution File, Format Version 12.00
# Visual Studio Version 17
VisualStudioVersion = 17.3.32804.467
MinimumVisualStudioVersion = 10.0.40219.1
Project("{FAE04EC0-301F-11D3-BF4B-00C04F79EFBC}") = "Library.Entities", "Library.Entities\Library.Entities.csproj", "{30FBFAFD-0B41-428B-A605-344988F7BADB}"
EndProject
Project("{2150E333-8FDC-42A3-9474-1A3956D46DE8}") = "Common", "Common", "{6E9D3BF7-5313-4FC8-BBAB-F5271B33B026}"
EndProject
Project("{2150E333-8FDC-42A3-9474-1A3956D46DE8}") = "DAL", "DAL", "{9DE72BF6-8FA1-4025-ADCE-67A7F161C207}"
EndProject
Project("{FAE04EC0-301F-11D3-BF4B-00C04F79EFBC}") = "Library.DAL", "Library.DAL\Library.DAL.csproj", "{2EEECBE3-F8F3-4E67-A831-62C112F86F4B}"
EndProject
Project("{FAE04EC0-301F-11D3-BF4B-00C04F79EFBC}") = "Library.DAL.Interfaces", "Library.DAL.Interfaces\Library.DAL.Interfaces.csproj", "{67A505DC-B684-4F54-96D9-1FE56B9C7A51}"
EndProject
Project("{FAE04EC0-301F-11D3-BF4B-00C04F79EFBC}") = "Library.Common.ExtentionMethods", "Library.Common.ExtentionMethods\Library.Common.ExtentionMethods.csproj", "{7BD4B670-0C37-40A8-9242-D9B09B691B6D}"
EndProject
Project("{2150E333-8FDC-42A3-9474-1A3956D46DE8}") = "BLL", "BLL", "{4E6FFBAF-51EC-4460-AFCB-0817FBAA3B65}"
EndProject
Project("{FAE04EC0-301F-11D3-BF4B-00C04F79EFBC}") = "Library.BLL.Interfaces", "Library.BLL.Interfaces\Library.BLL.Interfaces.csproj", "{665AFE3B-48F2-4726-B325-A13ED6019E5C}"
EndProject
Project("{FAE04EC0-301F-11D3-BF4B-00C04F79EFBC}") = "Library.BLL", "Library.BLL\Library.BLL.csproj", "{0158F79C-A708-46A5-9167-8CAA7EEB20E0}"
EndProject
Project("{FAE04EC0-301F-11D3-BF4B-00C04F79EFBC}") = "Library.Common", "Library.Common\Library.Common.csproj", "{3C9C0DBA-9DAE-4143-B171-4F44F79DF9A6}"
EndProject
Project("{2150E333-8FDC-42A3-9474-1A3956D46DE8}") = "PL", "PL", "{D871E708-1EF6-41B5-9417-A0E1CA4BDCF0}"
EndProject
Project("{FAE04EC0-301F-11D3-BF4B-00C04F79EFBC}") = "Library.PL.WebPL", "Library.PL.WebPL\Library.PL.WebPL.csproj", "{71534162-6683-4F30-9FEA-6DBA7B8E2FC4}"
EndProject
Global
	GlobalSection(SolutionConfigurationPlatforms) = preSolution
		Debug|Any CPU = Debug|Any CPU
		Release|Any CPU = Release|Any CPU
	EndGlobalSection
	GlobalSection(ProjectConfigurationPlatforms) = postSolution
		{30FBFAFD-0B41-428B-A605-344988F7BADB}.Debug|Any CPU.ActiveCfg = Debug|Any CPU
		{30FBFAFD-0B41-428B-A605-344988F7BADB}.Debug|Any CPU.Build.0 = Debug|Any CPU
		{30FBFAFD-0B41-428B-A605-344988F7BADB}.Release|Any CPU.ActiveCfg = Release|Any CPU
		{30FBFAFD-0B41-428B-A605-344988F7BADB}.Release|Any CPU.Build.0 = Release|Any CPU
		{2EEECBE3-F8F3-4E67-A831-62C112F86F4B}.Debug|Any CPU.ActiveCfg = Debug|Any CPU
		{2EEECBE3-F8F3-4E67-A831-62C112F86F4B}.Debug|Any CPU.Build.0 = Debug|Any CPU
		{2EEECBE3-F8F3-4E67-A831-62C112F86F4B}.Release|Any CPU.ActiveCfg = Release|Any CPU
		{2EEECBE3-F8F3-4E67-A831-62C112F86F4B}.Release|Any CPU.Build.0 = Release|Any CPU
		{67A505DC-B684-4F54-96D9-1FE56B9C7A51}.Debug|Any CPU.ActiveCfg = Debug|Any CPU
		{67A505DC-B684-4F54-96D9-1FE56B9C7A51}.Debug|Any CPU.Build.0 = Debug|Any CPU
		{67A505DC-B684-4F54-96D9-1FE56B9C7A51}.Release|Any CPU.ActiveCfg = Release|Any CPU
		{67A505DC-B684-4F54-96D9-1FE56B9C7A51}.Release|Any CPU.Build.0 = Release|Any CPU
		{7BD4B670-0C37-40A8-9242-D9B09B691B6D}.Debug|Any CPU.ActiveCfg = Debug|Any CPU
		{7BD4B670-0C37-40A8-9242-D9B09B691B6D}.Debug|Any CPU.Build.0 = Debug|Any CPU
		{7BD4B670-0C37-40A8-9242-D9B09B691B6D}.Release|Any CPU.ActiveCfg = Release|Any CPU
		{7BD4B670-0C37-40A8-9242-D9B09B691B6D}.Release|Any CPU.Build.0 = Release|Any CPU
		{665AFE3B-48F2-4726-B325-A13ED6019E5C}.Debug|Any CPU.ActiveCfg = Debug|Any CPU
		{665AFE3B-48F2-4726-B325-A13ED6019E5C}.Debug|Any CPU.Build.0 = Debug|Any CPU
		{665AFE3B-48F2-4726-B325-A13ED6019E5C}.Release|Any CPU.ActiveCfg = Release|Any CPU
		{665AFE3B-48F2-4726-B325-A13ED6019E5C}.Release|Any CPU.Build.0 = Release|Any CPU
		{0158F79C-A708-46A5-9167-8CAA7EEB20E0}.Debug|Any CPU.ActiveCfg = Debug|Any CPU
		{0158F79C-A708-46A5-9167-8CAA7EEB20E0}.Debug|Any CPU.Build.0 = Debug|Any CPU
		{0158F79C-A708-46A5-9167-8CAA7EEB20E0}.Release|Any CPU.ActiveCfg = Release|Any CPU
		{0158F79C-A708-46A5-9167-8CAA7EEB20E0}.Release|Any CPU.Build.0 = Release|Any CPU
		{3C9C0DBA-9DAE-4143-B171-4F44F79DF9A6}.Debug|Any CPU.ActiveCfg = Debug|Any CPU
		{3C9C0DBA-9DAE-4143-B171-4F44F79DF9A6}.Debug|Any CPU.Build.0 = Debug|Any CPU
		{3C9C0DBA-9DAE-4143-B171-4F44F79DF9A6}.Release|Any CPU.ActiveCfg = Release|Any CPU
		{3C9C0DBA-9DAE-4143-B171-4F44F79DF9A6}.Release|Any CPU.Build.0 = Release|Any CPU
		{71534162-6683-4F30-9FEA-6DBA7B8E2FC4}.Debug|Any CPU.ActiveCfg = Debug|Any CPU
		{71534162-6683-4F30-9FEA-6DBA7B8E2FC4}.Debug|Any CPU.Build.0 = Debug|Any CPU
		{71534162-6683-4F30-9FEA-6DBA7B8E2FC4}.Release|Any CPU.ActiveCfg = Release|Any CPU
		{71534162-6683-4F30-9FEA-6DBA7B8E2FC4}.Release|Any CPU.Build.0 = Release|Any CPU
	EndGlobalSection
	GlobalSection(SolutionProperties) = preSolution
		HideSolutionNode = FALSE
	EndGlobalSection
	GlobalSection(NestedProjects) = preSolution
		{30FBFAFD-0B41-428B-A605-344988F7BADB} = {6E9D3BF7-5313-4FC8-BBAB-F5271B33B026}
		{2EEECBE3-F8F3-4E67-A831-62C112F86F4B} = {9DE72BF6-8FA1-4025-ADCE-67A7F161C207}
		{67A505DC-B684-4F54-96D9-1FE56B9C7A51} = {9DE72BF6-8FA1-4025-ADCE-67A7F161C207}
		{7BD4B670-0C37-40A8-9242-D9B09B691B6D} = {6E9D3BF7-5313-4FC8-BBAB-F5271B33B026}
		{665AFE3B-48F2-4726-B325-A13ED6019E5C} = {4E6FFBAF-51EC-4460-AFCB-0817FBAA3B65}
		{0158F79C-A708-46A5-9167-8CAA7EEB20E0} = {4E6FFBAF-51EC-4460-AFCB-0817FBAA3B65}
		{3C9C0DBA-9DAE-4143-B171-4F44F79DF9A6} = {6E9D3BF7-5313-4FC8-BBAB-F5271B33B026}
		{71534162-6683-4F30-9FEA-6DBA7B8E2FC4} = {D871E708-1EF6-41B5-9417-A0E1CA4BDCF0}
	EndGlobalSection
	GlobalSection(ExtensibilityGlobals) = postSolution
		SolutionGuid = {5D7D3000-DB3C-485C-B35E-1775C85079F1}
	EndGlobalSection
EndGlobal
